{
  "name": "libbgp",
  "version": "0.0.1",
  "lockfileVersion": 1,
  "dependencies": {
    "binary-parser": {
      "version": "1.3.0",
      "resolved": "https://registry.npmjs.org/binary-parser/-/binary-parser-1.3.0.tgz",
      "integrity": "sha512-YxHSjZ0Fsw1RpbgbpLJR0nAMzPLCCB5dnHoqsNpCho7wrJqD45SSmweCnchF18ugmBw1XGuMmJ6RjNnFORsuVQ=="
    }
  }
}
